Microsoft Visual Studio Solution File, Format Version 12.00
# Visual Studio Version 18
VisualStudioVersion = 18.4.11620.152 stable
MinimumVisualStudioVersion = 10.0.40219.1
Project("{FAE04EC0-301F-11D3-BF4B-00C04F79EFBC}") = "AnimStudio.SharedKernel", "src\AnimStudio.SharedKernel\AnimStudio.SharedKernel.csproj", "{05CAFCF7-4116-4599-8180-E16D75394C6C}"
EndProject
Project("{FAE04EC0-301F-11D3-BF4B-00C04F79EFBC}") = "AnimStudio.IdentityModule", "src\AnimStudio.IdentityModule\AnimStudio.IdentityModule.csproj", "{7C73A20A-2198-41B7-A331-CAC1F87AB5AD}"
EndProject
Project("{FAE04EC0-301F-11D3-BF4B-00C04F79EFBC}") = "AnimStudio.ContentModule", "src\AnimStudio.ContentModule\AnimStudio.ContentModule.csproj", "{9BAFACA8-8744-45CE-B9E3-EF9C283403F7}"
EndProject
Project("{FAE04EC0-301F-11D3-BF4B-00C04F79EFBC}") = "AnimStudio.DeliveryModule", "src\AnimStudio.DeliveryModule\AnimStudio.DeliveryModule.csproj", "{1D249AD8-0F2B-4F90-990F-B7ED6FB5B6D3}"
EndProject
Project("{FAE04EC0-301F-11D3-BF4B-00C04F79EFBC}") = "AnimStudio.AnalyticsModule", "src\AnimStudio.AnalyticsModule\AnimStudio.AnalyticsModule.csproj", "{3B9C8DFB-9AC0-41D3-882D-6FEC8AEB7885}"
EndProject
Project("{FAE04EC0-301F-11D3-BF4B-00C04F79EFBC}") = "AnimStudio.API", "src\AnimStudio.API\AnimStudio.API.csproj", "{298DC340-F0C8-4669-94CB-C9BA98684CDE}"
EndProject
Global
	GlobalSection(SolutionConfigurationPlatforms) = preSolution
		Debug|Any CPU = Debug|Any CPU
		Release|Any CPU = Release|Any CPU
	EndGlobalSection
	GlobalSection(ProjectConfigurationPlatforms) = postSolution
		{05CAFCF7-4116-4599-8180-E16D75394C6C}.Debug|Any CPU.ActiveCfg = Debug|Any CPU
		{05CAFCF7-4116-4599-8180-E16D75394C6C}.Debug|Any CPU.Build.0 = Debug|Any CPU
		{05CAFCF7-4116-4599-8180-E16D75394C6C}.Release|Any CPU.ActiveCfg = Release|Any CPU
		{05CAFCF7-4116-4599-8180-E16D75394C6C}.Release|Any CPU.Build.0 = Release|Any CPU
		{7C73A20A-2198-41B7-A331-CAC1F87AB5AD}.Debug|Any CPU.ActiveCfg = Debug|Any CPU
		{7C73A20A-2198-41B7-A331-CAC1F87AB5AD}.Debug|Any CPU.Build.0 = Debug|Any CPU
		{7C73A20A-2198-41B7-A331-CAC1F87AB5AD}.Release|Any CPU.ActiveCfg = Release|Any CPU
		{7C73A20A-2198-41B7-A331-CAC1F87AB5AD}.Release|Any CPU.Build.0 = Release|Any CPU
		{9BAFACA8-8744-45CE-B9E3-EF9C283403F7}.Debug|Any CPU.ActiveCfg = Debug|Any CPU
		{9BAFACA8-8744-45CE-B9E3-EF9C283403F7}.Debug|Any CPU.Build.0 = Debug|Any CPU
		{9BAFACA8-8744-45CE-B9E3-EF9C283403F7}.Release|Any CPU.ActiveCfg = Release|Any CPU
		{9BAFACA8-8744-45CE-B9E3-EF9C283403F7}.Release|Any CPU.Build.0 = Release|Any CPU
		{1D249AD8-0F2B-4F90-990F-B7ED6FB5B6D3}.Debug|Any CPU.ActiveCfg = Debug|Any CPU
		{1D249AD8-0F2B-4F90-990F-B7ED6FB5B6D3}.Debug|Any CPU.Build.0 = Debug|Any CPU
		{1D249AD8-0F2B-4F90-990F-B7ED6FB5B6D3}.Release|Any CPU.ActiveCfg = Release|Any CPU
		{1D249AD8-0F2B-4F90-990F-B7ED6FB5B6D3}.Release|Any CPU.Build.0 = Release|Any CPU
		{3B9C8DFB-9AC0-41D3-882D-6FEC8AEB7885}.Debug|Any CPU.ActiveCfg = Debug|Any CPU
		{3B9C8DFB-9AC0-41D3-882D-6FEC8AEB7885}.Debug|Any CPU.Build.0 = Debug|Any CPU
		{3B9C8DFB-9AC0-41D3-882D-6FEC8AEB7885}.Release|Any CPU.ActiveCfg = Release|Any CPU
		{3B9C8DFB-9AC0-41D3-882D-6FEC8AEB7885}.Release|Any CPU.Build.0 = Release|Any CPU
		{298DC340-F0C8-4669-94CB-C9BA98684CDE}.Debug|Any CPU.ActiveCfg = Debug|Any CPU
		{298DC340-F0C8-4669-94CB-C9BA98684CDE}.Debug|Any CPU.Build.0 = Debug|Any CPU
		{298DC340-F0C8-4669-94CB-C9BA98684CDE}.Release|Any CPU.ActiveCfg = Release|Any CPU
		{298DC340-F0C8-4669-94CB-C9BA98684CDE}.Release|Any CPU.Build.0 = Release|Any CPU
	EndGlobalSection
	GlobalSection(SolutionProperties) = preSolution
		HideSolutionNode = FALSE
	EndGlobalSection
	GlobalSection(ExtensibilityGlobals) = postSolution
		SolutionGuid = {A96D0D96-114B-4B11-9465-5BDB8E62AD88}
	EndGlobalSection
EndGlobal
